Microsoft Visual Studio Solution File, Format Version 12.00
# Visual Studio 14
Project("{FAE04EC0-301F-11D3-BF4B-00C04F79EFBC}") = "pCampBot", "Universe\Tools\pCampBot\pCampBot.csproj", "{AF52AEDC-0000-0000-0000-000000000000}"
EndProject
Project("{FAE04EC0-301F-11D3-BF4B-00C04F79EFBC}") = "Robust", "Universe\Server\Robust.csproj", "{6E64F01D-0000-0000-0000-000000000000}"
EndProject
Project("{FAE04EC0-301F-11D3-BF4B-00C04F79EFBC}") = "Robust.Tests", "Universe\Tests\Robust\Robust.Tests.csproj", "{D2E26E14-0000-0000-0000-000000000000}"
EndProject
Project("{FAE04EC0-301F-11D3-BF4B-00C04F79EFBC}") = "SmartThreadPool", "ThirdParty\SmartThreadPool\SmartThreadPool.csproj", "{8C618053-0000-0000-0000-000000000000}"
EndProject
Project("{FAE04EC0-301F-11D3-BF4B-00C04F79EFBC}") = "Universe", "Universe\Region\Application\Universe.csproj", "{9E9C1021-0000-0000-0000-000000000000}"
EndProject
Project("{FAE04EC0-301F-11D3-BF4B-00C04F79EFBC}") = "Universe.Addons.Groups", "Universe\Addons\Groups\Universe.Addons.Groups.csproj", "{E8812648-0000-0000-0000-000000000000}"
EndProject
Project("{FAE04EC0-301F-11D3-BF4B-00C04F79EFBC}") = "Universe.Addons.OfflineIM", "Universe\Addons\OfflineIM\Universe.Addons.OfflineIM.csproj", "{20EEED5B-0000-0000-0000-000000000000}"
EndProject
Project("{FAE04EC0-301F-11D3-BF4B-00C04F79EFBC}") = "Universe.ApplicationPlugins.LoadRegions", "Universe\ApplicationPlugins\LoadRegions\Universe.ApplicationPlugins.LoadRegions.csproj", "{CDCFD2EC-0000-0000-0000-000000000000}"
EndProject
Project("{FAE04EC0-301F-11D3-BF4B-00C04F79EFBC}") = "Universe.ApplicationPlugins.RegionModulesController", "Universe\ApplicationPlugins\RegionModulesController\Universe.ApplicationPlugins.RegionModulesController.csproj", "{9598B7A0-0000-0000-0000-000000000000}"
EndProject
Project("{FAE04EC0-301F-11D3-BF4B-00C04F79EFBC}") = "Universe.ApplicationPlugins.RemoteController", "Universe\ApplicationPlugins\RemoteController\Universe.ApplicationPlugins.RemoteController.csproj", "{80823769-0000-0000-0000-000000000000}"
EndProject
Project("{FAE04EC0-301F-11D3-BF4B-00C04F79EFBC}") = "Universe.Capabilities", "Universe\Capabilities\Universe.Capabilities.csproj", "{766AFF79-0000-0000-0000-000000000000}"
EndProject
Project("{FAE04EC0-301F-11D3-BF4B-00C04F79EFBC}") = "Universe.Capabilities.Handlers", "Universe\Capabilities\Handlers\Universe.Capabilities.Handlers.csproj", "{6CB9D9EA-0000-0000-0000-000000000000}"
EndProject
Project("{FAE04EC0-301F-11D3-BF4B-00C04F79EFBC}") = "Universe.Capabilities.Handlers.Tests", "Universe\Capabilities\Handlers\Universe.Capabilities.Handlers.Tests.csproj", "{F0C83EE7-0000-0000-0000-000000000000}"
EndProject
Project("{FAE04EC0-301F-11D3-BF4B-00C04F79EFBC}") = "Universe.ConsoleClient", "Universe\ConsoleClient\Universe.ConsoleClient.csproj", "{DDDDEDA5-0000-0000-0000-000000000000}"
EndProject
Project("{FAE04EC0-301F-11D3-BF4B-00C04F79EFBC}") = "Universe.Data", "Universe\Data\Universe.Data.csproj", "{89E11DA3-0000-0000-0000-000000000000}"
EndProject
Project("{FAE04EC0-301F-11D3-BF4B-00C04F79EFBC}") = "Universe.Data.MySQL", "Universe\Data\MySQL\Universe.Data.MySQL.csproj", "{FD54281F-0000-0000-0000-000000000000}"
EndProject
Project("{FAE04EC0-301F-11D3-BF4B-00C04F79EFBC}") = "Universe.Data.Null", "Universe\Data\Null\Universe.Data.Null.csproj", "{56D09324-0000-0000-0000-000000000000}"
EndProject
Project("{FAE04EC0-301F-11D3-BF4B-00C04F79EFBC}") = "Universe.Data.PGSQL", "Universe\Data\PGSQL\Universe.Data.PGSQL.csproj", "{777F8B78-0000-0000-0000-000000000000}"
EndProject
Project("{FAE04EC0-301F-11D3-BF4B-00C04F79EFBC}") = "Universe.Data.SQLite", "Universe\Data\SQLite\Universe.Data.SQLite.csproj", "{FFB8DAB7-0000-0000-0000-000000000000}"
EndProject
Project("{FAE04EC0-301F-11D3-BF4B-00C04F79EFBC}") = "Universe.Data.Tests", "Universe\Data\Tests\Universe.Data.Tests.csproj", "{F1B6D6AE-0000-0000-0000-000000000000}"
EndProject
Project("{FAE04EC0-301F-11D3-BF4B-00C04F79EFBC}") = "Universe.Framework", "Universe\Framework\Universe.Framework.csproj", "{4042F657-0000-0000-0000-000000000000}"
EndProject
Project("{FAE04EC0-301F-11D3-BF4B-00C04F79EFBC}") = "Universe.Framework.AssetLoader.Filesystem", "Universe\Framework\AssetLoader\Filesystem\Universe.Framework.AssetLoader.Filesystem.csproj", "{ED85E595-0000-0000-0000-000000000000}"
EndProject
Project("{FAE04EC0-301F-11D3-BF4B-00C04F79EFBC}") = "Universe.Framework.Console", "Universe\Framework\Console\Universe.Framework.Console.csproj", "{15A4661C-0000-0000-0000-000000000000}"
EndProject
Project("{FAE04EC0-301F-11D3-BF4B-00C04F79EFBC}") = "Universe.Framework.Monitoring", "Universe\Framework\Monitoring\Universe.Framework.Monitoring.csproj", "{A99C5AD5-0000-0000-0000-000000000000}"
EndProject
Project("{FAE04EC0-301F-11D3-BF4B-00C04F79EFBC}") = "Universe.Framework.Serialization", "Universe\Framework\Serialization\Universe.Framework.Serialization.csproj", "{E30EAE63-0000-0000-0000-000000000000}"
EndProject
Project("{FAE04EC0-301F-11D3-BF4B-00C04F79EFBC}") = "Universe.Framework.Serialization.Tests", "Universe\Framework\Serialization\Tests\Universe.Framework.Serialization.Tests.csproj", "{16E6C7FE-0000-0000-0000-000000000000}"
EndProject
Project("{FAE04EC0-301F-11D3-BF4B-00C04F79EFBC}") = "Universe.Framework.Servers", "Universe\Framework\Servers\Universe.Framework.Servers.csproj", "{85EF7BDB-0000-0000-0000-000000000000}"
EndProject
Project("{FAE04EC0-301F-11D3-BF4B-00C04F79EFBC}") = "Universe.Framework.Servers.HttpServer", "Universe\Framework\Servers\HttpServer\Universe.Framework.Servers.HttpServer.csproj", "{3A9D5AAE-0000-0000-0000-000000000000}"
EndProject
Project("{FAE04EC0-301F-11D3-BF4B-00C04F79EFBC}") = "Universe.Framework.Servers.Tests", "Universe\Framework\Servers\Tests\Universe.Framework.Servers.Tests.csproj", "{D2AA4F96-0000-0000-0000-000000000000}"
EndProject
Project("{FAE04EC0-301F-11D3-BF4B-00C04F79EFBC}") = "Universe.Framework.Tests", "Universe\Framework\Tests\Universe.Framework.Tests.csproj", "{AA52CEBC-0000-0000-0000-000000000000}"
EndProject
Project("{FAE04EC0-301F-11D3-BF4B-00C04F79EFBC}") = "Universe.Region.ClientStack.LindenCaps", "Universe\Region\ClientStack\Linden\Caps\Universe.Region.ClientStack.LindenCaps.csproj", "{74950401-0000-0000-0000-000000000000}"
EndProject
Project("{FAE04EC0-301F-11D3-BF4B-00C04F79EFBC}") = "Universe.Region.ClientStack.LindenCaps.Tests", "Universe\Region\ClientStack\Linden\Caps\Universe.Region.ClientStack.LindenCaps.Tests.csproj", "{75FB8CB0-0000-0000-0000-000000000000}"
EndProject
Project("{FAE04EC0-301F-11D3-BF4B-00C04F79EFBC}") = "Universe.Region.ClientStack.LindenUDP", "Universe\Region\ClientStack\Linden\UDP\Universe.Region.ClientStack.LindenUDP.csproj", "{5632E24D-0000-0000-0000-000000000000}"
EndProject
Project("{FAE04EC0-301F-11D3-BF4B-00C04F79EFBC}") = "Universe.Region.ClientStack.LindenUDP.Tests", "Universe\Region\ClientStack\Linden\UDP\Tests\Universe.Region.ClientStack.LindenUDP.Tests.csproj", "{FAAF4D52-0000-0000-0000-000000000000}"
EndProject
Project("{FAE04EC0-301F-11D3-BF4B-00C04F79EFBC}") = "Universe.Region.CoreModules", "Universe\Region\CoreModules\Universe.Region.CoreModules.csproj", "{E38917FB-0000-0000-0000-000000000000}"
EndProject
Project("{FAE04EC0-301F-11D3-BF4B-00C04F79EFBC}") = "Universe.Region.CoreModules.Tests", "Universe\Region\CoreModules\Universe.Region.CoreModules.Tests.csproj", "{AA999014-0000-0000-0000-000000000000}"
EndProject
Project("{FAE04EC0-301F-11D3-BF4B-00C04F79EFBC}") = "Universe.Region.Framework", "Universe\Region\Framework\Universe.Region.Framework.csproj", "{5548C659-0000-0000-0000-000000000000}"
EndProject
Project("{FAE04EC0-301F-11D3-BF4B-00C04F79EFBC}") = "Universe.Region.Framework.Tests", "Universe\Region\Framework\Universe.Region.Framework.Tests.csproj", "{680F5E78-0000-0000-0000-000000000000}"
EndProject
Project("{FAE04EC0-301F-11D3-BF4B-00C04F79EFBC}") = "Universe.Region.OptionalModules", "Universe\Region\OptionalModules\Universe.Region.OptionalModules.csproj", "{E40B1EC2-0000-0000-0000-000000000000}"
EndProject
Project("{FAE04EC0-301F-11D3-BF4B-00C04F79EFBC}") = "Universe.Region.PhysicsModule.BasicPhysics", "Universe\Region\PhysicsModules\BasicPhysics\Universe.Region.PhysicsModule.BasicPhysics.csproj", "{F786D833-0000-0000-0000-000000000000}"
EndProject
Project("{FAE04EC0-301F-11D3-BF4B-00C04F79EFBC}") = "Universe.Region.PhysicsModule.BulletS", "Universe\Region\PhysicsModules\BulletS\Universe.Region.PhysicsModule.BulletS.csproj", "{5C597AF7-0000-0000-0000-000000000000}"
EndProject
Project("{FAE04EC0-301F-11D3-BF4B-00C04F79EFBC}") = "Universe.Region.PhysicsModule.BulletS.Tests", "Universe\Region\PhysicsModules\BulletS\Tests\Universe.Region.PhysicsModule.BulletS.Tests.csproj", "{BB81831E-0000-0000-0000-000000000000}"
EndProject
Project("{FAE04EC0-301F-11D3-BF4B-00C04F79EFBC}") = "Universe.Region.PhysicsModule.Meshing", "Universe\Region\PhysicsModules\Meshing\Universe.Region.PhysicsModule.Meshing.csproj", "{45DDD6C5-0000-0000-0000-000000000000}"
EndProject
Project("{FAE04EC0-301F-11D3-BF4B-00C04F79EFBC}") = "Universe.Region.PhysicsModule.Ode", "Universe\Region\PhysicsModules\Ode\Universe.Region.PhysicsModule.Ode.csproj", "{24E22ED2-0000-0000-0000-000000000000}"
EndProject
Project("{FAE04EC0-301F-11D3-BF4B-00C04F79EFBC}") = "Universe.Region.PhysicsModule.Ode.Tests", "Universe\Region\PhysicsModules\Ode\Tests\Universe.Region.PhysicsModule.Ode.Tests.csproj", "{FA2B2FDF-0000-0000-0000-000000000000}"
EndProject
Project("{FAE04EC0-301F-11D3-BF4B-00C04F79EFBC}") = "Universe.Region.PhysicsModule.POS", "Universe\Region\PhysicsModules\POS\Universe.Region.PhysicsModule.POS.csproj", "{4287CFB6-0000-0000-0000-000000000000}"
EndProject
Project("{FAE04EC0-301F-11D3-BF4B-00C04F79EFBC}") = "Universe.Region.PhysicsModule.ubOde", "Universe\Region\PhysicsModules\ubOde\Universe.Region.PhysicsModule.ubOde.csproj", "{295311A7-0000-0000-0000-000000000000}"
EndProject
Project("{FAE04EC0-301F-11D3-BF4B-00C04F79EFBC}") = "Universe.Region.PhysicsModule.ubOdeMeshing", "Universe\Region\PhysicsModules\ubOdeMeshing\Universe.Region.PhysicsModule.ubOdeMeshing.csproj", "{3CB8FC7A-0000-0000-0000-000000000000}"
EndProject
Project("{FAE04EC0-301F-11D3-BF4B-00C04F79EFBC}") = "Universe.Region.PhysicsModules.ConvexDecompositionDotNet", "Universe\Region\PhysicsModules\ConvexDecompositionDotNet\Universe.Region.PhysicsModules.ConvexDecompositionDotNet.csproj", "{4F44BE45-0000-0000-0000-000000000000}"
EndProject
Project("{FAE04EC0-301F-11D3-BF4B-00C04F79EFBC}") = "Universe.Region.PhysicsModules.SharedBase", "Universe\Region\PhysicsModules\SharedBase\Universe.Region.PhysicsModules.SharedBase.csproj", "{C6B78EE9-0000-0000-0000-000000000000}"
EndProject
Project("{FAE04EC0-301F-11D3-BF4B-00C04F79EFBC}") = "Universe.Region.ScriptEngine.Shared", "Universe\Region\ScriptEngine\Shared\Universe.Region.ScriptEngine.Shared.csproj", "{C3263177-0000-0000-0000-000000000000}"
EndProject
Project("{FAE04EC0-301F-11D3-BF4B-00C04F79EFBC}") = "Universe.Region.ScriptEngine.Shared.Api", "Universe\Region\ScriptEngine\Shared\Api\Implementation\Universe.Region.ScriptEngine.Shared.Api.csproj", "{E499107D-0000-0000-0000-000000000000}"
EndProject
Project("{FAE04EC0-301F-11D3-BF4B-00C04F79EFBC}") = "Universe.Region.ScriptEngine.Shared.Api.Runtime", "Universe\Region\ScriptEngine\Shared\Api\Runtime\Universe.Region.ScriptEngine.Shared.Api.Runtime.csproj", "{54C2F183-0000-0000-0000-000000000000}"
EndProject
Project("{FAE04EC0-301F-11D3-BF4B-00C04F79EFBC}") = "Universe.Region.ScriptEngine.Shared.CodeTools", "Universe\Region\ScriptEngine\Shared\CodeTools\Universe.Region.ScriptEngine.Shared.CodeTools.csproj", "{22C0DABB-0000-0000-0000-000000000000}"
EndProject
Project("{FAE04EC0-301F-11D3-BF4B-00C04F79EFBC}") = "Universe.Region.ScriptEngine.Shared.Instance", "Universe\Region\ScriptEngine\Shared\Instance\Universe.Region.ScriptEngine.Shared.Instance.csproj", "{563071C8-0000-0000-0000-000000000000}"
EndProject
Project("{FAE04EC0-301F-11D3-BF4B-00C04F79EFBC}") = "Universe.Region.ScriptEngine.Tests", "Universe\Region\ScriptEngine\Universe.Region.ScriptEngine.Tests.csproj", "{78CEEE4F-0000-0000-0000-000000000000}"
EndProject
Project("{FAE04EC0-301F-11D3-BF4B-00C04F79EFBC}") = "Universe.Region.ScriptEngine.XEngine", "Universe\Region\ScriptEngine\XEngine\Universe.Region.ScriptEngine.XEngine.csproj", "{AF4F81D4-0000-0000-0000-000000000000}"
EndProject
Project("{FAE04EC0-301F-11D3-BF4B-00C04F79EFBC}") = "Universe.Region.ScriptEngine.XEngine.Api.Runtime", "Universe\Region\ScriptEngine\XEngine\Api\Runtime\Universe.Region.ScriptEngine.XEngine.Api.Runtime.csproj", "{F3103E80-0000-0000-0000-000000000000}"
EndProject
Project("{FAE04EC0-301F-11D3-BF4B-00C04F79EFBC}") = "Universe.Region.ScriptEngine.YEngine", "Universe\Region\ScriptEngine\YEngine\Universe.Region.ScriptEngine.YEngine.csproj", "{0FD965D9-0000-0000-0000-000000000000}"
EndProject
Project("{FAE04EC0-301F-11D3-BF4B-00C04F79EFBC}") = "Universe.Server.Base", "Universe\Server\Base\Universe.Server.Base.csproj", "{BE86F625-0000-0000-0000-000000000000}"
EndProject
Project("{FAE04EC0-301F-11D3-BF4B-00C04F79EFBC}") = "Universe.Server.Handlers", "Universe\Server\Handlers\Universe.Server.Handlers.csproj", "{B7794FF7-0000-0000-0000-000000000000}"
EndProject
Project("{FAE04EC0-301F-11D3-BF4B-00C04F79EFBC}") = "Universe.Server.Handlers.Tests", "Universe\Server\Handlers\Universe.Server.Handlers.Tests.csproj", "{55157DAA-0000-0000-0000-000000000000}"
EndProject
Project("{FAE04EC0-301F-11D3-BF4B-00C04F79EFBC}") = "Universe.Services.AssetService", "Universe\Services\AssetService\Universe.Services.AssetService.csproj", "{1A004F6E-0000-0000-0000-000000000000}"
EndProject
Project("{FAE04EC0-301F-11D3-BF4B-00C04F79EFBC}") = "Universe.Services.AuthenticationService", "Universe\Services\AuthenticationService\Universe.Services.AuthenticationService.csproj", "{66A2D7EC-0000-0000-0000-000000000000}"
EndProject
Project("{FAE04EC0-301F-11D3-BF4B-00C04F79EFBC}") = "Universe.Services.AuthorizationService", "Universe\Services\AuthorizationService\Universe.Services.AuthorizationService.csproj", "{49E27379-0000-0000-0000-000000000000}"
EndProject
Project("{FAE04EC0-301F-11D3-BF4B-00C04F79EFBC}") = "Universe.Services.AvatarService", "Universe\Services\AvatarService\Universe.Services.AvatarService.csproj", "{BBEC6FDB-0000-0000-0000-000000000000}"
EndProject
Project("{FAE04EC0-301F-11D3-BF4B-00C04F79EFBC}") = "Universe.Services.Base", "Universe\Services\Base\Universe.Services.Base.csproj", "{B5DAD5B4-0000-0000-0000-000000000000}"
EndProject
Project("{FAE04EC0-301F-11D3-BF4B-00C04F79EFBC}") = "Universe.Services.Connectors", "Universe\Services\Connectors\Universe.Services.Connectors.csproj", "{B66D95BF-0000-0000-0000-000000000000}"
EndProject
Project("{FAE04EC0-301F-11D3-BF4B-00C04F79EFBC}") = "Universe.Services.EstateService", "Universe\Services\EstateService\Universe.Services.EstateService.csproj", "{F80D06F0-0000-0000-0000-000000000000}"
EndProject
Project("{FAE04EC0-301F-11D3-BF4B-00C04F79EFBC}") = "Universe.Services.FreeswitchService", "Universe\Services\FreeswitchService\Universe.Services.FreeswitchService.csproj", "{1FDA0C4E-0000-0000-0000-000000000000}"
EndProject
Project("{FAE04EC0-301F-11D3-BF4B-00C04F79EFBC}") = "Universe.Services.FriendsService", "Universe\Services\Friends\Universe.Services.FriendsService.csproj", "{45960153-0000-0000-0000-000000000000}"
EndProject
Project("{FAE04EC0-301F-11D3-BF4B-00C04F79EFBC}") = "Universe.Services.FSAssetService", "Universe\Services\FSAssetService\Universe.Services.FSAssetService.csproj", "{B99FC857-0000-0000-0000-000000000000}"
EndProject
Project("{FAE04EC0-301F-11D3-BF4B-00C04F79EFBC}") = "Universe.Services.GridService", "Universe\Services\GridService\Universe.Services.GridService.csproj", "{604E8B8C-0000-0000-0000-000000000000}"
EndProject
Project("{FAE04EC0-301F-11D3-BF4B-00C04F79EFBC}") = "Universe.Services.HypergridService", "Universe\Services\HypergridService\Universe.Services.HypergridService.csproj", "{F0D1A93C-0000-0000-0000-000000000000}"
EndProject
Project("{FAE04EC0-301F-11D3-BF4B-00C04F79EFBC}") = "Universe.Services.Interfaces", "Universe\Services\Interfaces\Universe.Services.Interfaces.csproj", "{977BCE8D-0000-0000-0000-000000000000}"
EndProject
Project("{FAE04EC0-301F-11D3-BF4B-00C04F79EFBC}") = "Universe.Services.InventoryService", "Universe\Services\InventoryService\Universe.Services.InventoryService.csproj", "{F0ADC362-0000-0000-0000-000000000000}"
EndProject
Project("{FAE04EC0-301F-11D3-BF4B-00C04F79EFBC}") = "Universe.Services.InventoryService.Tests", "Universe\Services\InventoryService\Tests\Universe.Services.InventoryService.Tests.csproj", "{6B2CC51B-0000-0000-0000-000000000000}"
EndProject
Project("{FAE04EC0-301F-11D3-BF4B-00C04F79EFBC}") = "Universe.Services.LLLoginService", "Universe\Services\LLLoginService\Universe.Services.LLLoginService.csproj", "{D989C1E1-0000-0000-0000-000000000000}"
EndProject
Project("{FAE04EC0-301F-11D3-BF4B-00C04F79EFBC}") = "Universe.Services.MapImageService", "Universe\Services\MapImageService\Universe.Services.MapImageService.csproj", "{2E93A201-0000-0000-0000-000000000000}"
EndProject
Project("{FAE04EC0-301F-11D3-BF4B-00C04F79EFBC}") = "Universe.Services.MuteListService", "Universe\Services\MuteListService\Universe.Services.MuteListService.csproj", "{50D3C78D-0000-0000-0000-000000000000}"
EndProject
Project("{FAE04EC0-301F-11D3-BF4B-00C04F79EFBC}") = "Universe.Services.PresenceService", "Universe\Services\PresenceService\Universe.Services.PresenceService.csproj", "{8A2F41BB-0000-0000-0000-000000000000}"
EndProject
Project("{FAE04EC0-301F-11D3-BF4B-00C04F79EFBC}") = "Universe.Services.SimulationService", "Universe\Services\SimulationService\Universe.Services.SimulationService.csproj", "{3ECF43F5-0000-0000-0000-000000000000}"
EndProject
Project("{FAE04EC0-301F-11D3-BF4B-00C04F79EFBC}") = "Universe.Services.UserAccountService", "Universe\Services\UserAccountService\Universe.Services.UserAccountService.csproj", "{84220FE4-0000-0000-0000-000000000000}"
EndProject
Project("{FAE04EC0-301F-11D3-BF4B-00C04F79EFBC}") = "Universe.Services.UserProfilesService", "Universe\Services\UserProfilesService\Universe.Services.UserProfilesService.csproj", "{2357C1CB-0000-0000-0000-000000000000}"
EndProject
Project("{FAE04EC0-301F-11D3-BF4B-00C04F79EFBC}") = "Universe.Tests", "Universe\Tests\Universe.Tests.csproj", "{A4711146-0000-0000-0000-000000000000}"
EndProject
Project("{FAE04EC0-301F-11D3-BF4B-00C04F79EFBC}") = "Universe.Tests.Clients.AssetClient", "Universe\Tests\Clients\Assets\Universe.Tests.Clients.AssetClient.csproj", "{4C053679-0000-0000-0000-000000000000}"
EndProject
Project("{FAE04EC0-301F-11D3-BF4B-00C04F79EFBC}") = "Universe.Tests.Common", "Universe\Tests\Common\Universe.Tests.Common.csproj", "{BE1109ED-0000-0000-0000-000000000000}"
EndProject
Project("{FAE04EC0-301F-11D3-BF4B-00C04F79EFBC}") = "Universe.Tests.Performance", "Universe\Tests\Performance\Universe.Tests.Performance.csproj", "{5FD7C256-0000-0000-0000-000000000000}"
EndProject
Project("{FAE04EC0-301F-11D3-BF4B-00C04F79EFBC}") = "Universe.Tests.Permissions", "Universe\Tests\Permissions\Universe.Tests.Permissions.csproj", "{B87DCD44-0000-0000-0000-000000000000}"
EndProject
Project("{FAE04EC0-301F-11D3-BF4B-00C04F79EFBC}") = "Universe.Tests.Stress", "Universe\Tests\Stress\Universe.Tests.Stress.csproj", "{58B6D7D8-0000-0000-0000-000000000000}"
EndProject
Project("{FAE04EC0-301F-11D3-BF4B-00C04F79EFBC}") = "Universe.Tools.Configger", "Universe\Tools\Configger\Universe.Tools.Configger.csproj", "{CA83C066-0000-0000-0000-000000000000}"
EndProject
Project("{FAE04EC0-301F-11D3-BF4B-00C04F79EFBC}") = "Universe.Tools.lslc", "Universe\Tools\Compiler\Universe.Tools.lslc.csproj", "{02412206-0000-0000-0000-000000000000}"
EndProject
Global
	GlobalSection(SolutionConfigurationPlatforms) = preSolution
		Debug|Any CPU = Debug|Any CPU
		Release|Any CPU = Release|Any CPU
	EndGlobalSection
	GlobalSection(ProjectConfigurationPlatforms) = postSolution
		{AF52AEDC-0000-0000-0000-000000000000}.Debug|Any CPU.ActiveCfg = Debug|Any CPU
		{AF52AEDC-0000-0000-0000-000000000000}.Debug|Any CPU.Build.0 = Debug|Any CPU
		{AF52AEDC-0000-0000-0000-000000000000}.Release|Any CPU.ActiveCfg = Release|Any CPU
		{AF52AEDC-0000-0000-0000-000000000000}.Release|Any CPU.Build.0 = Release|Any CPU
		{6E64F01D-0000-0000-0000-000000000000}.Debug|Any CPU.ActiveCfg = Debug|Any CPU
		{6E64F01D-0000-0000-0000-000000000000}.Debug|Any CPU.Build.0 = Debug|Any CPU
		{6E64F01D-0000-0000-0000-000000000000}.Release|Any CPU.ActiveCfg = Release|Any CPU
		{6E64F01D-0000-0000-0000-000000000000}.Release|Any CPU.Build.0 = Release|Any CPU
		{D2E26E14-0000-0000-0000-000000000000}.Debug|Any CPU.ActiveCfg = Debug|Any CPU
		{D2E26E14-0000-0000-0000-000000000000}.Debug|Any CPU.Build.0 = Debug|Any CPU
		{D2E26E14-0000-0000-0000-000000000000}.Release|Any CPU.ActiveCfg = Release|Any CPU
		{D2E26E14-0000-0000-0000-000000000000}.Release|Any CPU.Build.0 = Release|Any CPU
		{8C618053-0000-0000-0000-000000000000}.Debug|Any CPU.ActiveCfg = Debug|Any CPU
		{8C618053-0000-0000-0000-000000000000}.Debug|Any CPU.Build.0 = Debug|Any CPU
		{8C618053-0000-0000-0000-000000000000}.Release|Any CPU.ActiveCfg = Release|Any CPU
		{8C618053-0000-0000-0000-000000000000}.Release|Any CPU.Build.0 = Release|Any CPU
		{9E9C1021-0000-0000-0000-000000000000}.Debug|Any CPU.ActiveCfg = Debug|Any CPU
		{9E9C1021-0000-0000-0000-000000000000}.Debug|Any CPU.Build.0 = Debug|Any CPU
		{9E9C1021-0000-0000-0000-000000000000}.Release|Any CPU.ActiveCfg = Release|Any CPU
		{9E9C1021-0000-0000-0000-000000000000}.Release|Any CPU.Build.0 = Release|Any CPU
		{E8812648-0000-0000-0000-000000000000}.Debug|Any CPU.ActiveCfg = Debug|Any CPU
		{E8812648-0000-0000-0000-000000000000}.Debug|Any CPU.Build.0 = Debug|Any CPU
		{E8812648-0000-0000-0000-000000000000}.Release|Any CPU.ActiveCfg = Release|Any CPU
		{E8812648-0000-0000-0000-000000000000}.Release|Any CPU.Build.0 = Release|Any CPU
		{20EEED5B-0000-0000-0000-000000000000}.Debug|Any CPU.ActiveCfg = Debug|Any CPU
		{20EEED5B-0000-0000-0000-000000000000}.Debug|Any CPU.Build.0 = Debug|Any CPU
		{20EEED5B-0000-0000-0000-000000000000}.Release|Any CPU.ActiveCfg = Release|Any CPU
		{20EEED5B-0000-0000-0000-000000000000}.Release|Any CPU.Build.0 = Release|Any CPU
		{CDCFD2EC-0000-0000-0000-000000000000}.Debug|Any CPU.ActiveCfg = Debug|Any CPU
		{CDCFD2EC-0000-0000-0000-000000000000}.Debug|Any CPU.Build.0 = Debug|Any CPU
		{CDCFD2EC-0000-0000-0000-000000000000}.Release|Any CPU.ActiveCfg = Release|Any CPU
		{CDCFD2EC-0000-0000-0000-000000000000}.Release|Any CPU.Build.0 = Release|Any CPU
		{9598B7A0-0000-0000-0000-000000000000}.Debug|Any CPU.ActiveCfg = Debug|Any CPU
		{9598B7A0-0000-0000-0000-000000000000}.Debug|Any CPU.Build.0 = Debug|Any CPU
		{9598B7A0-0000-0000-0000-000000000000}.Release|Any CPU.ActiveCfg = Release|Any CPU
		{9598B7A0-0000-0000-0000-000000000000}.Release|Any CPU.Build.0 = Release|Any CPU
		{80823769-0000-0000-0000-000000000000}.Debug|Any CPU.ActiveCfg = Debug|Any CPU
		{80823769-0000-0000-0000-000000000000}.Debug|Any CPU.Build.0 = Debug|Any CPU
		{80823769-0000-0000-0000-000000000000}.Release|Any CPU.ActiveCfg = Release|Any CPU
		{80823769-0000-0000-0000-000000000000}.Release|Any CPU.Build.0 = Release|Any CPU
		{766AFF79-0000-0000-0000-000000000000}.Debug|Any CPU.ActiveCfg = Debug|Any CPU
		{766AFF79-0000-0000-0000-000000000000}.Debug|Any CPU.Build.0 = Debug|Any CPU
		{766AFF79-0000-0000-0000-000000000000}.Release|Any CPU.ActiveCfg = Release|Any CPU
		{766AFF79-0000-0000-0000-000000000000}.Release|Any CPU.Build.0 = Release|Any CPU
		{6CB9D9EA-0000-0000-0000-000000000000}.Debug|Any CPU.ActiveCfg = Debug|Any CPU
		{6CB9D9EA-0000-0000-0000-000000000000}.Debug|Any CPU.Build.0 = Debug|Any CPU
		{6CB9D9EA-0000-0000-0000-000000000000}.Release|Any CPU.ActiveCfg = Release|Any CPU
		{6CB9D9EA-0000-0000-0000-000000000000}.Release|Any CPU.Build.0 = Release|Any CPU
		{F0C83EE7-0000-0000-0000-000000000000}.Debug|Any CPU.ActiveCfg = Debug|Any CPU
		{F0C83EE7-0000-0000-0000-000000000000}.Debug|Any CPU.Build.0 = Debug|Any CPU
		{F0C83EE7-0000-0000-0000-000000000000}.Release|Any CPU.ActiveCfg = Release|Any CPU
		{F0C83EE7-0000-0000-0000-000000000000}.Release|Any CPU.Build.0 = Release|Any CPU
		{DDDDEDA5-0000-0000-0000-000000000000}.Debug|Any CPU.ActiveCfg = Debug|Any CPU
		{DDDDEDA5-0000-0000-0000-000000000000}.Debug|Any CPU.Build.0 = Debug|Any CPU
		{DDDDEDA5-0000-0000-0000-000000000000}.Release|Any CPU.ActiveCfg = Release|Any CPU
		{DDDDEDA5-0000-0000-0000-000000000000}.Release|Any CPU.Build.0 = Release|Any CPU
		{89E11DA3-0000-0000-0000-000000000000}.Debug|Any CPU.ActiveCfg = Debug|Any CPU
		{89E11DA3-0000-0000-0000-000000000000}.Debug|Any CPU.Build.0 = Debug|Any CPU
		{89E11DA3-0000-0000-0000-000000000000}.Release|Any CPU.ActiveCfg = Release|Any CPU
		{89E11DA3-0000-0000-0000-000000000000}.Release|Any CPU.Build.0 = Release|Any CPU
		{FD54281F-0000-0000-0000-000000000000}.Debug|Any CPU.ActiveCfg = Debug|Any CPU
		{FD54281F-0000-0000-0000-000000000000}.Debug|Any CPU.Build.0 = Debug|Any CPU
		{FD54281F-0000-0000-0000-000000000000}.Release|Any CPU.ActiveCfg = Release|Any CPU
		{FD54281F-0000-0000-0000-000000000000}.Release|Any CPU.Build.0 = Release|Any CPU
		{56D09324-0000-0000-0000-000000000000}.Debug|Any CPU.ActiveCfg = Debug|Any CPU
		{56D09324-0000-0000-0000-000000000000}.Debug|Any CPU.Build.0 = Debug|Any CPU
		{56D09324-0000-0000-0000-000000000000}.Release|Any CPU.ActiveCfg = Release|Any CPU
		{56D09324-0000-0000-0000-000000000000}.Release|Any CPU.Build.0 = Release|Any CPU
		{777F8B78-0000-0000-0000-000000000000}.Debug|Any CPU.ActiveCfg = Debug|Any CPU
		{777F8B78-0000-0000-0000-000000000000}.Debug|Any CPU.Build.0 = Debug|Any CPU
		{777F8B78-0000-0000-0000-000000000000}.Release|Any CPU.ActiveCfg = Release|Any CPU
		{777F8B78-0000-0000-0000-000000000000}.Release|Any CPU.Build.0 = Release|Any CPU
		{FFB8DAB7-0000-0000-0000-000000000000}.Debug|Any CPU.ActiveCfg = Debug|Any CPU
		{FFB8DAB7-0000-0000-0000-000000000000}.Debug|Any CPU.Build.0 = Debug|Any CPU
		{FFB8DAB7-0000-0000-0000-000000000000}.Release|Any CPU.ActiveCfg = Release|Any CPU
		{FFB8DAB7-0000-0000-0000-000000000000}.Release|Any CPU.Build.0 = Release|Any CPU
		{F1B6D6AE-0000-0000-0000-000000000000}.Debug|Any CPU.ActiveCfg = Debug|Any CPU
		{F1B6D6AE-0000-0000-0000-000000000000}.Debug|Any CPU.Build.0 = Debug|Any CPU
		{F1B6D6AE-0000-0000-0000-000000000000}.Release|Any CPU.ActiveCfg = Release|Any CPU
		{F1B6D6AE-0000-0000-0000-000000000000}.Release|Any CPU.Build.0 = Release|Any CPU
		{4042F657-0000-0000-0000-000000000000}.Debug|Any CPU.ActiveCfg = Debug|Any CPU
		{4042F657-0000-0000-0000-000000000000}.Debug|Any CPU.Build.0 = Debug|Any CPU
		{4042F657-0000-0000-0000-000000000000}.Release|Any CPU.ActiveCfg = Release|Any CPU
		{4042F657-0000-0000-0000-000000000000}.Release|Any CPU.Build.0 = Release|Any CPU
		{ED85E595-0000-0000-0000-000000000000}.Debug|Any CPU.ActiveCfg = Debug|Any CPU
		{ED85E595-0000-0000-0000-000000000000}.Debug|Any CPU.Build.0 = Debug|Any CPU
		{ED85E595-0000-0000-0000-000000000000}.Release|Any CPU.ActiveCfg = Release|Any CPU
		{ED85E595-0000-0000-0000-000000000000}.Release|Any CPU.Build.0 = Release|Any CPU
		{15A4661C-0000-0000-0000-000000000000}.Debug|Any CPU.ActiveCfg = Debug|Any CPU
		{15A4661C-0000-0000-0000-000000000000}.Debug|Any CPU.Build.0 = Debug|Any CPU
		{15A4661C-0000-0000-0000-000000000000}.Release|Any CPU.ActiveCfg = Release|Any CPU
		{15A4661C-0000-0000-0000-000000000000}.Release|Any CPU.Build.0 = Release|Any CPU
		{A99C5AD5-0000-0000-0000-000000000000}.Debug|Any CPU.ActiveCfg = Debug|Any CPU
		{A99C5AD5-0000-0000-0000-000000000000}.Debug|Any CPU.Build.0 = Debug|Any CPU
		{A99C5AD5-0000-0000-0000-000000000000}.Release|Any CPU.ActiveCfg = Release|Any CPU
		{A99C5AD5-0000-0000-0000-000000000000}.Release|Any CPU.Build.0 = Release|Any CPU
		{E30EAE63-0000-0000-0000-000000000000}.Debug|Any CPU.ActiveCfg = Debug|Any CPU
		{E30EAE63-0000-0000-0000-000000000000}.Debug|Any CPU.Build.0 = Debug|Any CPU
		{E30EAE63-0000-0000-0000-000000000000}.Release|Any CPU.ActiveCfg = Release|Any CPU
		{E30EAE63-0000-0000-0000-000000000000}.Release|Any CPU.Build.0 = Release|Any CPU
		{16E6C7FE-0000-0000-0000-000000000000}.Debug|Any CPU.ActiveCfg = Debug|Any CPU
		{16E6C7FE-0000-0000-0000-000000000000}.Debug|Any CPU.Build.0 = Debug|Any CPU
		{16E6C7FE-0000-0000-0000-000000000000}.Release|Any CPU.ActiveCfg = Release|Any CPU
		{16E6C7FE-0000-0000-0000-000000000000}.Release|Any CPU.Build.0 = Release|Any CPU
		{85EF7BDB-0000-0000-0000-000000000000}.Debug|Any CPU.ActiveCfg = Debug|Any CPU
		{85EF7BDB-0000-0000-0000-000000000000}.Debug|Any CPU.Build.0 = Debug|Any CPU
		{85EF7BDB-0000-0000-0000-000000000000}.Release|Any CPU.ActiveCfg = Release|Any CPU
		{85EF7BDB-0000-0000-0000-000000000000}.Release|Any CPU.Build.0 = Release|Any CPU
		{3A9D5AAE-0000-0000-0000-000000000000}.Debug|Any CPU.ActiveCfg = Debug|Any CPU
		{3A9D5AAE-0000-0000-0000-000000000000}.Debug|Any CPU.Build.0 = Debug|Any CPU
		{3A9D5AAE-0000-0000-0000-000000000000}.Release|Any CPU.ActiveCfg = Release|Any CPU
		{3A9D5AAE-0000-0000-0000-000000000000}.Release|Any CPU.Build.0 = Release|Any CPU
		{D2AA4F96-0000-0000-0000-000000000000}.Debug|Any CPU.ActiveCfg = Debug|Any CPU
		{D2AA4F96-0000-0000-0000-000000000000}.Debug|Any CPU.Build.0 = Debug|Any CPU
		{D2AA4F96-0000-0000-0000-000000000000}.Release|Any CPU.ActiveCfg = Release|Any CPU
		{D2AA4F96-0000-0000-0000-000000000000}.Release|Any CPU.Build.0 = Release|Any CPU
		{AA52CEBC-0000-0000-0000-000000000000}.Debug|Any CPU.ActiveCfg = Debug|Any CPU
		{AA52CEBC-0000-0000-0000-000000000000}.Debug|Any CPU.Build.0 = Debug|Any CPU
		{AA52CEBC-0000-0000-0000-000000000000}.Release|Any CPU.ActiveCfg = Release|Any CPU
		{AA52CEBC-0000-0000-0000-000000000000}.Release|Any CPU.Build.0 = Release|Any CPU
		{74950401-0000-0000-0000-000000000000}.Debug|Any CPU.ActiveCfg = Debug|Any CPU
		{74950401-0000-0000-0000-000000000000}.Debug|Any CPU.Build.0 = Debug|Any CPU
		{74950401-0000-0000-0000-000000000000}.Release|Any CPU.ActiveCfg = Release|Any CPU
		{74950401-0000-0000-0000-000000000000}.Release|Any CPU.Build.0 = Release|Any CPU
		{75FB8CB0-0000-0000-0000-000000000000}.Debug|Any CPU.ActiveCfg = Debug|Any CPU
		{75FB8CB0-0000-0000-0000-000000000000}.Debug|Any CPU.Build.0 = Debug|Any CPU
		{75FB8CB0-0000-0000-0000-000000000000}.Release|Any CPU.ActiveCfg = Release|Any CPU
		{75FB8CB0-0000-0000-0000-000000000000}.Release|Any CPU.Build.0 = Release|Any CPU
		{5632E24D-0000-0000-0000-000000000000}.Debug|Any CPU.ActiveCfg = Debug|Any CPU
		{5632E24D-0000-0000-0000-000000000000}.Debug|Any CPU.Build.0 = Debug|Any CPU
		{5632E24D-0000-0000-0000-000000000000}.Release|Any CPU.ActiveCfg = Release|Any CPU
		{5632E24D-0000-0000-0000-000000000000}.Release|Any CPU.Build.0 = Release|Any CPU
		{FAAF4D52-0000-0000-0000-000000000000}.Debug|Any CPU.ActiveCfg = Debug|Any CPU
		{FAAF4D52-0000-0000-0000-000000000000}.Debug|Any CPU.Build.0 = Debug|Any CPU
		{FAAF4D52-0000-0000-0000-000000000000}.Release|Any CPU.ActiveCfg = Release|Any CPU
		{FAAF4D52-0000-0000-0000-000000000000}.Release|Any CPU.Build.0 = Release|Any CPU
		{E38917FB-0000-0000-0000-000000000000}.Debug|Any CPU.ActiveCfg = Debug|Any CPU
		{E38917FB-0000-0000-0000-000000000000}.Debug|Any CPU.Build.0 = Debug|Any CPU
		{E38917FB-0000-0000-0000-000000000000}.Release|Any CPU.ActiveCfg = Release|Any CPU
		{E38917FB-0000-0000-0000-000000000000}.Release|Any CPU.Build.0 = Release|Any CPU
		{AA999014-0000-0000-0000-000000000000}.Debug|Any CPU.ActiveCfg = Debug|Any CPU
		{AA999014-0000-0000-0000-000000000000}.Debug|Any CPU.Build.0 = Debug|Any CPU
		{AA999014-0000-0000-0000-000000000000}.Release|Any CPU.ActiveCfg = Release|Any CPU
		{AA999014-0000-0000-0000-000000000000}.Release|Any CPU.Build.0 = Release|Any CPU
		{5548C659-0000-0000-0000-000000000000}.Debug|Any CPU.ActiveCfg = Debug|Any CPU
		{5548C659-0000-0000-0000-000000000000}.Debug|Any CPU.Build.0 = Debug|Any CPU
		{5548C659-0000-0000-0000-000000000000}.Release|Any CPU.ActiveCfg = Release|Any CPU
		{5548C659-0000-0000-0000-000000000000}.Release|Any CPU.Build.0 = Release|Any CPU
		{680F5E78-0000-0000-0000-000000000000}.Debug|Any CPU.ActiveCfg = Debug|Any CPU
		{680F5E78-0000-0000-0000-000000000000}.Debug|Any CPU.Build.0 = Debug|Any CPU
		{680F5E78-0000-0000-0000-000000000000}.Release|Any CPU.ActiveCfg = Release|Any CPU
		{680F5E78-0000-0000-0000-000000000000}.Release|Any CPU.Build.0 = Release|Any CPU
		{E40B1EC2-0000-0000-0000-000000000000}.Debug|Any CPU.ActiveCfg = Debug|Any CPU
		{E40B1EC2-0000-0000-0000-000000000000}.Debug|Any CPU.Build.0 = Debug|Any CPU
		{E40B1EC2-0000-0000-0000-000000000000}.Release|Any CPU.ActiveCfg = Release|Any CPU
		{E40B1EC2-0000-0000-0000-000000000000}.Release|Any CPU.Build.0 = Release|Any CPU
		{F786D833-0000-0000-0000-000000000000}.Debug|Any CPU.ActiveCfg = Debug|Any CPU
		{F786D833-0000-0000-0000-000000000000}.Debug|Any CPU.Build.0 = Debug|Any CPU
		{F786D833-0000-0000-0000-000000000000}.Release|Any CPU.ActiveCfg = Release|Any CPU
		{F786D833-0000-0000-0000-000000000000}.Release|Any CPU.Build.0 = Release|Any CPU
		{5C597AF7-0000-0000-0000-000000000000}.Debug|Any CPU.ActiveCfg = Debug|Any CPU
		{5C597AF7-0000-0000-0000-000000000000}.Debug|Any CPU.Build.0 = Debug|Any CPU
		{5C597AF7-0000-0000-0000-000000000000}.Release|Any CPU.ActiveCfg = Release|Any CPU
		{5C597AF7-0000-0000-0000-000000000000}.Release|Any CPU.Build.0 = Release|Any CPU
		{BB81831E-0000-0000-0000-000000000000}.Debug|Any CPU.ActiveCfg = Debug|Any CPU
		{BB81831E-0000-0000-0000-000000000000}.Debug|Any CPU.Build.0 = Debug|Any CPU
		{BB81831E-0000-0000-0000-000000000000}.Release|Any CPU.ActiveCfg = Release|Any CPU
		{BB81831E-0000-0000-0000-000000000000}.Release|Any CPU.Build.0 = Release|Any CPU
		{45DDD6C5-0000-0000-0000-000000000000}.Debug|Any CPU.ActiveCfg = Debug|Any CPU
		{45DDD6C5-0000-0000-0000-000000000000}.Debug|Any CPU.Build.0 = Debug|Any CPU
		{45DDD6C5-0000-0000-0000-000000000000}.Release|Any CPU.ActiveCfg = Release|Any CPU
		{45DDD6C5-0000-0000-0000-000000000000}.Release|Any CPU.Build.0 = Release|Any CPU
		{24E22ED2-0000-0000-0000-000000000000}.Debug|Any CPU.ActiveCfg = Debug|Any CPU
		{24E22ED2-0000-0000-0000-000000000000}.Debug|Any CPU.Build.0 = Debug|Any CPU
		{24E22ED2-0000-0000-0000-000000000000}.Release|Any CPU.ActiveCfg = Release|Any CPU
		{24E22ED2-0000-0000-0000-000000000000}.Release|Any CPU.Build.0 = Release|Any CPU
		{FA2B2FDF-0000-0000-0000-000000000000}.Debug|Any CPU.ActiveCfg = Debug|Any CPU
		{FA2B2FDF-0000-0000-0000-000000000000}.Debug|Any CPU.Build.0 = Debug|Any CPU
		{FA2B2FDF-0000-0000-0000-000000000000}.Release|Any CPU.ActiveCfg = Release|Any CPU
		{FA2B2FDF-0000-0000-0000-000000000000}.Release|Any CPU.Build.0 = Release|Any CPU
		{4287CFB6-0000-0000-0000-000000000000}.Debug|Any CPU.ActiveCfg = Debug|Any CPU
		{4287CFB6-0000-0000-0000-000000000000}.Debug|Any CPU.Build.0 = Debug|Any CPU
		{4287CFB6-0000-0000-0000-000000000000}.Release|Any CPU.ActiveCfg = Release|Any CPU
		{4287CFB6-0000-0000-0000-000000000000}.Release|Any CPU.Build.0 = Release|Any CPU
		{295311A7-0000-0000-0000-000000000000}.Debug|Any CPU.ActiveCfg = Debug|Any CPU
		{295311A7-0000-0000-0000-000000000000}.Debug|Any CPU.Build.0 = Debug|Any CPU
		{295311A7-0000-0000-0000-000000000000}.Release|Any CPU.ActiveCfg = Release|Any CPU
		{295311A7-0000-0000-0000-000000000000}.Release|Any CPU.Build.0 = Release|Any CPU
		{3CB8FC7A-0000-0000-0000-000000000000}.Debug|Any CPU.ActiveCfg = Debug|Any CPU
		{3CB8FC7A-0000-0000-0000-000000000000}.Debug|Any CPU.Build.0 = Debug|Any CPU
		{3CB8FC7A-0000-0000-0000-000000000000}.Release|Any CPU.ActiveCfg = Release|Any CPU
		{3CB8FC7A-0000-0000-0000-000000000000}.Release|Any CPU.Build.0 = Release|Any CPU
		{4F44BE45-0000-0000-0000-000000000000}.Debug|Any CPU.ActiveCfg = Debug|Any CPU
		{4F44BE45-0000-0000-0000-000000000000}.Debug|Any CPU.Build.0 = Debug|Any CPU
		{4F44BE45-0000-0000-0000-000000000000}.Release|Any CPU.ActiveCfg = Release|Any CPU
		{4F44BE45-0000-0000-0000-000000000000}.Release|Any CPU.Build.0 = Release|Any CPU
		{C6B78EE9-0000-0000-0000-000000000000}.Debug|Any CPU.ActiveCfg = Debug|Any CPU
		{C6B78EE9-0000-0000-0000-000000000000}.Debug|Any CPU.Build.0 = Debug|Any CPU
		{C6B78EE9-0000-0000-0000-000000000000}.Release|Any CPU.ActiveCfg = Release|Any CPU
		{C6B78EE9-0000-0000-0000-000000000000}.Release|Any CPU.Build.0 = Release|Any CPU
		{C3263177-0000-0000-0000-000000000000}.Debug|Any CPU.ActiveCfg = Debug|Any CPU
		{C3263177-0000-0000-0000-000000000000}.Debug|Any CPU.Build.0 = Debug|Any CPU
		{C3263177-0000-0000-0000-000000000000}.Release|Any CPU.ActiveCfg = Release|Any CPU
		{C3263177-0000-0000-0000-000000000000}.Release|Any CPU.Build.0 = Release|Any CPU
		{E499107D-0000-0000-0000-000000000000}.Debug|Any CPU.ActiveCfg = Debug|Any CPU
		{E499107D-0000-0000-0000-000000000000}.Debug|Any CPU.Build.0 = Debug|Any CPU
		{E499107D-0000-0000-0000-000000000000}.Release|Any CPU.ActiveCfg = Release|Any CPU
		{E499107D-0000-0000-0000-000000000000}.Release|Any CPU.Build.0 = Release|Any CPU
		{54C2F183-0000-0000-0000-000000000000}.Debug|Any CPU.ActiveCfg = Debug|Any CPU
		{54C2F183-0000-0000-0000-000000000000}.Debug|Any CPU.Build.0 = Debug|Any CPU
		{54C2F183-0000-0000-0000-000000000000}.Release|Any CPU.ActiveCfg = Release|Any CPU
		{54C2F183-0000-0000-0000-000000000000}.Release|Any CPU.Build.0 = Release|Any CPU
		{22C0DABB-0000-0000-0000-000000000000}.Debug|Any CPU.ActiveCfg = Debug|Any CPU
		{22C0DABB-0000-0000-0000-000000000000}.Debug|Any CPU.Build.0 = Debug|Any CPU
		{22C0DABB-0000-0000-0000-000000000000}.Release|Any CPU.ActiveCfg = Release|Any CPU
		{22C0DABB-0000-0000-0000-000000000000}.Release|Any CPU.Build.0 = Release|Any CPU
		{563071C8-0000-0000-0000-000000000000}.Debug|Any CPU.ActiveCfg = Debug|Any CPU
		{563071C8-0000-0000-0000-000000000000}.Debug|Any CPU.Build.0 = Debug|Any CPU
		{563071C8-0000-0000-0000-000000000000}.Release|Any CPU.ActiveCfg = Release|Any CPU
		{563071C8-0000-0000-0000-000000000000}.Release|Any CPU.Build.0 = Release|Any CPU
		{78CEEE4F-0000-0000-0000-000000000000}.Debug|Any CPU.ActiveCfg = Debug|Any CPU
		{78CEEE4F-0000-0000-0000-000000000000}.Debug|Any CPU.Build.0 = Debug|Any CPU
		{78CEEE4F-0000-0000-0000-000000000000}.Release|Any CPU.ActiveCfg = Release|Any CPU
		{78CEEE4F-0000-0000-0000-000000000000}.Release|Any CPU.Build.0 = Release|Any CPU
		{AF4F81D4-0000-0000-0000-000000000000}.Debug|Any CPU.ActiveCfg = Debug|Any CPU
		{AF4F81D4-0000-0000-0000-000000000000}.Debug|Any CPU.Build.0 = Debug|Any CPU
		{AF4F81D4-0000-0000-0000-000000000000}.Release|Any CPU.ActiveCfg = Release|Any CPU
		{AF4F81D4-0000-0000-0000-000000000000}.Release|Any CPU.Build.0 = Release|Any CPU
		{F3103E80-0000-0000-0000-000000000000}.Debug|Any CPU.ActiveCfg = Debug|Any CPU
		{F3103E80-0000-0000-0000-000000000000}.Debug|Any CPU.Build.0 = Debug|Any CPU
		{F3103E80-0000-0000-0000-000000000000}.Release|Any CPU.ActiveCfg = Release|Any CPU
		{F3103E80-0000-0000-0000-000000000000}.Release|Any CPU.Build.0 = Release|Any CPU
		{0FD965D9-0000-0000-0000-000000000000}.Debug|Any CPU.ActiveCfg = Debug|Any CPU
		{0FD965D9-0000-0000-0000-000000000000}.Debug|Any CPU.Build.0 = Debug|Any CPU
		{0FD965D9-0000-0000-0000-000000000000}.Release|Any CPU.ActiveCfg = Release|Any CPU
		{0FD965D9-0000-0000-0000-000000000000}.Release|Any CPU.Build.0 = Release|Any CPU
		{BE86F625-0000-0000-0000-000000000000}.Debug|Any CPU.ActiveCfg = Debug|Any CPU
		{BE86F625-0000-0000-0000-000000000000}.Debug|Any CPU.Build.0 = Debug|Any CPU
		{BE86F625-0000-0000-0000-000000000000}.Release|Any CPU.ActiveCfg = Release|Any CPU
		{BE86F625-0000-0000-0000-000000000000}.Release|Any CPU.Build.0 = Release|Any CPU
		{B7794FF7-0000-0000-0000-000000000000}.Debug|Any CPU.ActiveCfg = Debug|Any CPU
		{B7794FF7-0000-0000-0000-000000000000}.Debug|Any CPU.Build.0 = Debug|Any CPU
		{B7794FF7-0000-0000-0000-000000000000}.Release|Any CPU.ActiveCfg = Release|Any CPU
		{B7794FF7-0000-0000-0000-000000000000}.Release|Any CPU.Build.0 = Release|Any CPU
		{55157DAA-0000-0000-0000-000000000000}.Debug|Any CPU.ActiveCfg = Debug|Any CPU
		{55157DAA-0000-0000-0000-000000000000}.Debug|Any CPU.Build.0 = Debug|Any CPU
		{55157DAA-0000-0000-0000-000000000000}.Release|Any CPU.ActiveCfg = Release|Any CPU
		{55157DAA-0000-0000-0000-000000000000}.Release|Any CPU.Build.0 = Release|Any CPU
		{1A004F6E-0000-0000-0000-000000000000}.Debug|Any CPU.ActiveCfg = Debug|Any CPU
		{1A004F6E-0000-0000-0000-000000000000}.Debug|Any CPU.Build.0 = Debug|Any CPU
		{1A004F6E-0000-0000-0000-000000000000}.Release|Any CPU.ActiveCfg = Release|Any CPU
		{1A004F6E-0000-0000-0000-000000000000}.Release|Any CPU.Build.0 = Release|Any CPU
		{66A2D7EC-0000-0000-0000-000000000000}.Debug|Any CPU.ActiveCfg = Debug|Any CPU
		{66A2D7EC-0000-0000-0000-000000000000}.Debug|Any CPU.Build.0 = Debug|Any CPU
		{66A2D7EC-0000-0000-0000-000000000000}.Release|Any CPU.ActiveCfg = Release|Any CPU
		{66A2D7EC-0000-0000-0000-000000000000}.Release|Any CPU.Build.0 = Release|Any CPU
		{49E27379-0000-0000-0000-000000000000}.Debug|Any CPU.ActiveCfg = Debug|Any CPU
		{49E27379-0000-0000-0000-000000000000}.Debug|Any CPU.Build.0 = Debug|Any CPU
		{49E27379-0000-0000-0000-000000000000}.Release|Any CPU.ActiveCfg = Release|Any CPU
		{49E27379-0000-0000-0000-000000000000}.Release|Any CPU.Build.0 = Release|Any CPU
		{BBEC6FDB-0000-0000-0000-000000000000}.Debug|Any CPU.ActiveCfg = Debug|Any CPU
		{BBEC6FDB-0000-0000-0000-000000000000}.Debug|Any CPU.Build.0 = Debug|Any CPU
		{BBEC6FDB-0000-0000-0000-000000000000}.Release|Any CPU.ActiveCfg = Release|Any CPU
		{BBEC6FDB-0000-0000-0000-000000000000}.Release|Any CPU.Build.0 = Release|Any CPU
		{B5DAD5B4-0000-0000-0000-000000000000}.Debug|Any CPU.ActiveCfg = Debug|Any CPU
		{B5DAD5B4-0000-0000-0000-000000000000}.Debug|Any CPU.Build.0 = Debug|Any CPU
		{B5DAD5B4-0000-0000-0000-000000000000}.Release|Any CPU.ActiveCfg = Release|Any CPU
		{B5DAD5B4-0000-0000-0000-000000000000}.Release|Any CPU.Build.0 = Release|Any CPU
		{B66D95BF-0000-0000-0000-000000000000}.Debug|Any CPU.ActiveCfg = Debug|Any CPU
		{B66D95BF-0000-0000-0000-000000000000}.Debug|Any CPU.Build.0 = Debug|Any CPU
		{B66D95BF-0000-0000-0000-000000000000}.Release|Any CPU.ActiveCfg = Release|Any CPU
		{B66D95BF-0000-0000-0000-000000000000}.Release|Any CPU.Build.0 = Release|Any CPU
		{F80D06F0-0000-0000-0000-000000000000}.Debug|Any CPU.ActiveCfg = Debug|Any CPU
		{F80D06F0-0000-0000-0000-000000000000}.Debug|Any CPU.Build.0 = Debug|Any CPU
		{F80D06F0-0000-0000-0000-000000000000}.Release|Any CPU.ActiveCfg = Release|Any CPU
		{F80D06F0-0000-0000-0000-000000000000}.Release|Any CPU.Build.0 = Release|Any CPU
		{1FDA0C4E-0000-0000-0000-000000000000}.Debug|Any CPU.ActiveCfg = Debug|Any CPU
		{1FDA0C4E-0000-0000-0000-000000000000}.Debug|Any CPU.Build.0 = Debug|Any CPU
		{1FDA0C4E-0000-0000-0000-000000000000}.Release|Any CPU.ActiveCfg = Release|Any CPU
		{1FDA0C4E-0000-0000-0000-000000000000}.Release|Any CPU.Build.0 = Release|Any CPU
		{45960153-0000-0000-0000-000000000000}.Debug|Any CPU.ActiveCfg = Debug|Any CPU
		{45960153-0000-0000-0000-000000000000}.Debug|Any CPU.Build.0 = Debug|Any CPU
		{45960153-0000-0000-0000-000000000000}.Release|Any CPU.ActiveCfg = Release|Any CPU
		{45960153-0000-0000-0000-000000000000}.Release|Any CPU.Build.0 = Release|Any CPU
		{B99FC857-0000-0000-0000-000000000000}.Debug|Any CPU.ActiveCfg = Debug|Any CPU
		{B99FC857-0000-0000-0000-000000000000}.Debug|Any CPU.Build.0 = Debug|Any CPU
		{B99FC857-0000-0000-0000-000000000000}.Release|Any CPU.ActiveCfg = Release|Any CPU
		{B99FC857-0000-0000-0000-000000000000}.Release|Any CPU.Build.0 = Release|Any CPU
		{604E8B8C-0000-0000-0000-000000000000}.Debug|Any CPU.ActiveCfg = Debug|Any CPU
		{604E8B8C-0000-0000-0000-000000000000}.Debug|Any CPU.Build.0 = Debug|Any CPU
		{604E8B8C-0000-0000-0000-000000000000}.Release|Any CPU.ActiveCfg = Release|Any CPU
		{604E8B8C-0000-0000-0000-000000000000}.Release|Any CPU.Build.0 = Release|Any CPU
		{F0D1A93C-0000-0000-0000-000000000000}.Debug|Any CPU.ActiveCfg = Debug|Any CPU
		{F0D1A93C-0000-0000-0000-000000000000}.Debug|Any CPU.Build.0 = Debug|Any CPU
		{F0D1A93C-0000-0000-0000-000000000000}.Release|Any CPU.ActiveCfg = Release|Any CPU
		{F0D1A93C-0000-0000-0000-000000000000}.Release|Any CPU.Build.0 = Release|Any CPU
		{977BCE8D-0000-0000-0000-000000000000}.Debug|Any CPU.ActiveCfg = Debug|Any CPU
		{977BCE8D-0000-0000-0000-000000000000}.Debug|Any CPU.Build.0 = Debug|Any CPU
		{977BCE8D-0000-0000-0000-000000000000}.Release|Any CPU.ActiveCfg = Release|Any CPU
		{977BCE8D-0000-0000-0000-000000000000}.Release|Any CPU.Build.0 = Release|Any CPU
		{F0ADC362-0000-0000-0000-000000000000}.Debug|Any CPU.ActiveCfg = Debug|Any CPU
		{F0ADC362-0000-0000-0000-000000000000}.Debug|Any CPU.Build.0 = Debug|Any CPU
		{F0ADC362-0000-0000-0000-000000000000}.Release|Any CPU.ActiveCfg = Release|Any CPU
		{F0ADC362-0000-0000-0000-000000000000}.Release|Any CPU.Build.0 = Release|Any CPU
		{6B2CC51B-0000-0000-0000-000000000000}.Debug|Any CPU.ActiveCfg = Debug|Any CPU
		{6B2CC51B-0000-0000-0000-000000000000}.Debug|Any CPU.Build.0 = Debug|Any CPU
		{6B2CC51B-0000-0000-0000-000000000000}.Release|Any CPU.ActiveCfg = Release|Any CPU
		{6B2CC51B-0000-0000-0000-000000000000}.Release|Any CPU.Build.0 = Release|Any CPU
		{D989C1E1-0000-0000-0000-000000000000}.Debug|Any CPU.ActiveCfg = Debug|Any CPU
		{D989C1E1-0000-0000-0000-000000000000}.Debug|Any CPU.Build.0 = Debug|Any CPU
		{D989C1E1-0000-0000-0000-000000000000}.Release|Any CPU.ActiveCfg = Release|Any CPU
		{D989C1E1-0000-0000-0000-000000000000}.Release|Any CPU.Build.0 = Release|Any CPU
		{2E93A201-0000-0000-0000-000000000000}.Debug|Any CPU.ActiveCfg = Debug|Any CPU
		{2E93A201-0000-0000-0000-000000000000}.Debug|Any CPU.Build.0 = Debug|Any CPU
		{2E93A201-0000-0000-0000-000000000000}.Release|Any CPU.ActiveCfg = Release|Any CPU
		{2E93A201-0000-0000-0000-000000000000}.Release|Any CPU.Build.0 = Release|Any CPU
		{50D3C78D-0000-0000-0000-000000000000}.Debug|Any CPU.ActiveCfg = Debug|Any CPU
		{50D3C78D-0000-0000-0000-000000000000}.Debug|Any CPU.Build.0 = Debug|Any CPU
		{50D3C78D-0000-0000-0000-000000000000}.Release|Any CPU.ActiveCfg = Release|Any CPU
		{50D3C78D-0000-0000-0000-000000000000}.Release|Any CPU.Build.0 = Release|Any CPU
		{8A2F41BB-0000-0000-0000-000000000000}.Debug|Any CPU.ActiveCfg = Debug|Any CPU
		{8A2F41BB-0000-0000-0000-000000000000}.Debug|Any CPU.Build.0 = Debug|Any CPU
		{8A2F41BB-0000-0000-0000-000000000000}.Release|Any CPU.ActiveCfg = Release|Any CPU
		{8A2F41BB-0000-0000-0000-000000000000}.Release|Any CPU.Build.0 = Release|Any CPU
		{3ECF43F5-0000-0000-0000-000000000000}.Debug|Any CPU.ActiveCfg = Debug|Any CPU
		{3ECF43F5-0000-0000-0000-000000000000}.Debug|Any CPU.Build.0 = Debug|Any CPU
		{3ECF43F5-0000-0000-0000-000000000000}.Release|Any CPU.ActiveCfg = Release|Any CPU
		{3ECF43F5-0000-0000-0000-000000000000}.Release|Any CPU.Build.0 = Release|Any CPU
		{84220FE4-0000-0000-0000-000000000000}.Debug|Any CPU.ActiveCfg = Debug|Any CPU
		{84220FE4-0000-0000-0000-000000000000}.Debug|Any CPU.Build.0 = Debug|Any CPU
		{84220FE4-0000-0000-0000-000000000000}.Release|Any CPU.ActiveCfg = Release|Any CPU
		{84220FE4-0000-0000-0000-000000000000}.Release|Any CPU.Build.0 = Release|Any CPU
		{2357C1CB-0000-0000-0000-000000000000}.Debug|Any CPU.ActiveCfg = Debug|Any CPU
		{2357C1CB-0000-0000-0000-000000000000}.Debug|Any CPU.Build.0 = Debug|Any CPU
		{2357C1CB-0000-0000-0000-000000000000}.Release|Any CPU.ActiveCfg = Release|Any CPU
		{2357C1CB-0000-0000-0000-000000000000}.Release|Any CPU.Build.0 = Release|Any CPU
		{A4711146-0000-0000-0000-000000000000}.Debug|Any CPU.ActiveCfg = Debug|Any CPU
		{A4711146-0000-0000-0000-000000000000}.Debug|Any CPU.Build.0 = Debug|Any CPU
		{A4711146-0000-0000-0000-000000000000}.Release|Any CPU.ActiveCfg = Release|Any CPU
		{A4711146-0000-0000-0000-000000000000}.Release|Any CPU.Build.0 = Release|Any CPU
		{4C053679-0000-0000-0000-000000000000}.Debug|Any CPU.ActiveCfg = Debug|Any CPU
		{4C053679-0000-0000-0000-000000000000}.Debug|Any CPU.Build.0 = Debug|Any CPU
		{4C053679-0000-0000-0000-000000000000}.Release|Any CPU.ActiveCfg = Release|Any CPU
		{4C053679-0000-0000-0000-000000000000}.Release|Any CPU.Build.0 = Release|Any CPU
		{BE1109ED-0000-0000-0000-000000000000}.Debug|Any CPU.ActiveCfg = Debug|Any CPU
		{BE1109ED-0000-0000-0000-000000000000}.Debug|Any CPU.Build.0 = Debug|Any CPU
		{BE1109ED-0000-0000-0000-000000000000}.Release|Any CPU.ActiveCfg = Release|Any CPU
		{BE1109ED-0000-0000-0000-000000000000}.Release|Any CPU.Build.0 = Release|Any CPU
		{5FD7C256-0000-0000-0000-000000000000}.Debug|Any CPU.ActiveCfg = Debug|Any CPU
		{5FD7C256-0000-0000-0000-000000000000}.Debug|Any CPU.Build.0 = Debug|Any CPU
		{5FD7C256-0000-0000-0000-000000000000}.Release|Any CPU.ActiveCfg = Release|Any CPU
		{5FD7C256-0000-0000-0000-000000000000}.Release|Any CPU.Build.0 = Release|Any CPU
		{B87DCD44-0000-0000-0000-000000000000}.Debug|Any CPU.ActiveCfg = Debug|Any CPU
		{B87DCD44-0000-0000-0000-000000000000}.Debug|Any CPU.Build.0 = Debug|Any CPU
		{B87DCD44-0000-0000-0000-000000000000}.Release|Any CPU.ActiveCfg = Release|Any CPU
		{B87DCD44-0000-0000-0000-000000000000}.Release|Any CPU.Build.0 = Release|Any CPU
		{58B6D7D8-0000-0000-0000-000000000000}.Debug|Any CPU.ActiveCfg = Debug|Any CPU
		{58B6D7D8-0000-0000-0000-000000000000}.Debug|Any CPU.Build.0 = Debug|Any CPU
		{58B6D7D8-0000-0000-0000-000000000000}.Release|Any CPU.ActiveCfg = Release|Any CPU
		{58B6D7D8-0000-0000-0000-000000000000}.Release|Any CPU.Build.0 = Release|Any CPU
		{CA83C066-0000-0000-0000-000000000000}.Debug|Any CPU.ActiveCfg = Debug|Any CPU
		{CA83C066-0000-0000-0000-000000000000}.Debug|Any CPU.Build.0 = Debug|Any CPU
		{CA83C066-0000-0000-0000-000000000000}.Release|Any CPU.ActiveCfg = Release|Any CPU
		{CA83C066-0000-0000-0000-000000000000}.Release|Any CPU.Build.0 = Release|Any CPU
		{02412206-0000-0000-0000-000000000000}.Debug|Any CPU.ActiveCfg = Debug|Any CPU
		{02412206-0000-0000-0000-000000000000}.Debug|Any CPU.Build.0 = Debug|Any CPU
		{02412206-0000-0000-0000-000000000000}.Release|Any CPU.ActiveCfg = Release|Any CPU
		{02412206-0000-0000-0000-000000000000}.Release|Any CPU.Build.0 = Release|Any CPU
	EndGlobalSection
EndGlobal
